
Microsoft Visual Studio Solution File, Format Version 12.00
# Visual Studio Version 17
VisualStudioVersion = 17.6.33829.357
MinimumVisualStudioVersion = 10.0.40219.1
Project("{888888A0-9F3D-457C-B088-3A5042F75D52}") = "ondrej_back", "ondrej_back.pyproj", "{810B13C9-4800-4571-A176-BF6495AEB439}"
EndProject
Project("{2150E333-8FDC-42A3-9474-1A3956D46DE8}") = "Solution Items", "Solution Items", "{256FB41D-C602-4830-B257-85EE61767CC9}"
EndProject
Global
	GlobalSection(SolutionConfigurationPlatforms) = preSolution
		Debug|Any CPU = Debug|Any CPU
		Release|Any CPU = Release|Any CPU
	EndGlobalSection
	GlobalSection(ProjectConfigurationPlatforms) = postSolution
		{810B13C9-4800-4571-A176-BF6495AEB439}.Debug|Any CPU.ActiveCfg = Debug|Any CPU
		{810B13C9-4800-4571-A176-BF6495AEB439}.Release|Any CPU.ActiveCfg = Release|Any CPU
	EndGlobalSection
	GlobalSection(SolutionProperties) = preSolution
		HideSolutionNode = FALSE
	EndGlobalSection
	GlobalSection(ExtensibilityGlobals) = postSolution
		SolutionGuid = {F9AECA2D-C46F-437A-AE60-A6F3B00606A8}
	EndGlobalSection
EndGlobal
